{
  "name": "slaty",
  "version": "1.0.0",
  "lockfileVersion": 1,
  "requires": true,
  "dependencies": {
    "ast-types": {
      "version": "0.9.6",
      "resolved": "https://fourthwall.jfrog.io/fourthwall/api/npm/npm/ast-types/-/ast-types-0.9.6.tgz",
      "integrity": "sha1-ECyenpAF0+fjgpvwxPok7oYu6bk="
    },
    "big.js": {
      "version": "5.2.2",
      "resolved": "https://fourthwall.jfrog.io/fourthwall/api/npm/npm/big.js/-/big.js-5.2.2.tgz",
      "integrity": "sha1-ZfCvOC9Xi83HQr2cKB6cstd2gyg="
    },
    "camel-case": {
      "version": "3.0.0",
      "resolved": "https://fourthwall.jfrog.io/fourthwall/api/npm/npm/camel-case/-/camel-case-3.0.0.tgz",
      "integrity": "sha1-yjw2iKTpzzpM2nd9xNy8cTJJz3M=",
      "requires": {
        "no-case": "^2.2.0",
        "upper-case": "^1.1.1"
      }
    },
    "clean-css": {
      "version": "4.2.3",
      "resolved": "https://fourthwall.jfrog.io/fourthwall/api/npm/npm/clean-css/-/clean-css-4.2.3.tgz",
      "integrity": "sha1-UHtd59l7SO5T2ErbAWD/YhY4D3g=",
      "requires": {
        "source-map": "~0.6.0"
      },
      "dependencies": {
        "source-map": {
          "version": "0.6.1",
          "resolved": "https://fourthwall.jfrog.io/fourthwall/api/npm/npm/source-map/-/source-map-0.6.1.tgz",
          "integrity": "sha1-dHIq8y6WFOnCh6jQu95IteLxomM="
        }
      }
    },
    "commander": {
      "version": "2.17.1",
      "resolved": "https://fourthwall.jfrog.io/fourthwall/api/npm/npm/commander/-/commander-2.17.1.tgz",
      "integrity": "sha1-vXerfebelCBc6sxy8XFtKfIKd78="
    },
    "emojis-list": {
      "version": "3.0.0",
      "resolved": "https://fourthwall.jfrog.io/fourthwall/api/npm/npm/emojis-list/-/emojis-list-3.0.0.tgz",
      "integrity": "sha1-VXBmIEatKeLpFucariYKvf9Pang="
    },
    "es6-templates": {
      "version": "0.2.3",
      "resolved": "https://fourthwall.jfrog.io/fourthwall/api/npm/npm/es6-templates/-/es6-templates-0.2.3.tgz",
      "integrity": "sha1-XLmsn7He1usSOTQrgdeSu7QHjuQ=",
      "requires": {
        "recast": "~0.11.12",
        "through": "~2.3.6"
      }
    },
    "esprima": {
      "version": "3.1.3",
      "resolved": "https://fourthwall.jfrog.io/fourthwall/api/npm/npm/esprima/-/esprima-3.1.3.tgz",
      "integrity": "sha1-/cpRzuYTOJXjyI1TXOSdv/YqRjM="
    },
    "fastparse": {
      "version": "1.1.2",
      "resolved": "https://fourthwall.jfrog.io/fourthwall/api/npm/npm/fastparse/-/fastparse-1.1.2.tgz",
      "integrity": "sha1-kXKMWllC7O2FMSg8eUQe5BIsNak="
    },
    "he": {
      "version": "1.2.0",
      "resolved": "https://fourthwall.jfrog.io/fourthwall/api/npm/npm/he/-/he-1.2.0.tgz",
      "integrity": "sha1-hK5l+n6vsWX922FWauFLrwVmTw8="
    },
    "html-loader": {
      "version": "0.5.5",
      "resolved": "https://fourthwall.jfrog.io/fourthwall/api/npm/npm/html-loader/-/html-loader-0.5.5.tgz",
      "integrity": "sha1-Y1bb6wxJdW2OvVyjJ/Fv8Gq1+uo=",
      "requires": {
        "es6-templates": "^0.2.3",
        "fastparse": "^1.1.1",
        "html-minifier": "^3.5.8",
        "loader-utils": "^1.1.0",
        "object-assign": "^4.1.1"
      }
    },
    "html-minifier": {
      "version": "3.5.21",
      "resolved": "https://fourthwall.jfrog.io/fourthwall/api/npm/npm/html-minifier/-/html-minifier-3.5.21.tgz",
      "integrity": "sha1-0AQOBUcw41TbAIRjWTGUAVIS0gw=",
      "requires": {
        "camel-case": "3.0.x",
        "clean-css": "4.2.x",
        "commander": "2.17.x",
        "he": "1.2.x",
        "param-case": "2.1.x",
        "relateurl": "0.2.x",
        "uglify-js": "3.4.x"
      }
    },
    "json5": {
      "version": "1.0.1",
      "resolved": "https://fourthwall.jfrog.io/fourthwall/api/npm/npm/json5/-/json5-1.0.1.tgz",
      "integrity": "sha1-d5+wAYYE+oVOrL9iUhgNg1Q+Pb4=",
      "requires": {
        "minimist": "^1.2.0"
      }
    },
    "liquid-loader": {
      "version": "0.1.4",
      "resolved": "https://fourthwall.jfrog.io/fourthwall/api/npm/npm/liquid-loader/-/liquid-loader-0.1.4.tgz",
      "integrity": "sha1-0VDPHWQRMhi4utmkrUF0fq/8VRE=",
      "requires": {
        "html-loader": "^0.5.1",
        "liquid-node": "^3.0",
        "loader-utils": "^1.0.2",
        "object-assign": "^4.1.0"
      }
    },
    "liquid-node": {
      "version": "3.0.1",
      "resolved": "https://fourthwall.jfrog.io/fourthwall/api/npm/npm/liquid-node/-/liquid-node-3.0.1.tgz",
      "integrity": "sha1-FqczP39yKc2Urga9RMzWJJFnyNU=",
      "requires": {
        "strftime": "~0.9.2"
      }
    },
    "loader-utils": {
      "version": "1.4.0",
      "resolved": "https://fourthwall.jfrog.io/fourthwall/api/npm/npm/loader-utils/-/loader-utils-1.4.0.tgz",
      "integrity": "sha1-xXm140yzSxp07cbB+za/o3HVphM=",
      "requires": {
        "big.js": "^5.2.2",
        "emojis-list": "^3.0.0",
        "json5": "^1.0.1"
      }
    },
    "lower-case": {
      "version": "1.1.4",
      "resolved": "https://fourthwall.jfrog.io/fourthwall/api/npm/npm/lower-case/-/lower-case-1.1.4.tgz",
      "integrity": "sha1-miyr0bno4K6ZOkv31YdcOcQujqw="
    },
    "minimist": {
      "version": "1.2.5",
      "resolved": "https://fourthwall.jfrog.io/fourthwall/api/npm/npm/minimist/-/minimist-1.2.5.tgz",
      "integrity": "sha1-Z9ZgFLZqaoqqDAg8X9WN9OTpdgI="
    },
    "no-case": {
      "version": "2.3.2",
      "resolved": "https://fourthwall.jfrog.io/fourthwall/api/npm/npm/no-case/-/no-case-2.3.2.tgz",
      "integrity": "sha1-YLgTOWvjmz8SiKTB7V0efSi0ZKw=",
      "requires": {
        "lower-case": "^1.1.1"
      }
    },
    "object-assign": {
      "version": "4.1.1",
      "resolved": "https://fourthwall.jfrog.io/fourthwall/api/npm/npm/object-assign/-/object-assign-4.1.1.tgz",
      "integrity": "sha1-IQmtx5ZYh8/AXLvUQsrIv7s2CGM="
    },
    "param-case": {
      "version": "2.1.1",
      "resolved": "https://fourthwall.jfrog.io/fourthwall/api/npm/npm/param-case/-/param-case-2.1.1.tgz",
      "integrity": "sha1-35T9jPZTHs915r75oIWPvHK+Ikc=",
      "requires": {
        "no-case": "^2.2.0"
      }
    },
    "private": {
      "version": "0.1.8",
      "resolved": "https://fourthwall.jfrog.io/fourthwall/api/npm/npm/private/-/private-0.1.8.tgz",
      "integrity": "sha1-I4Hts2ifelPWUxkAYPz4ItLzaP8="
    },
    "recast": {
      "version": "0.11.23",
      "resolved": "https://fourthwall.jfrog.io/fourthwall/api/npm/npm/recast/-/recast-0.11.23.tgz",
      "integrity": "sha1-RR/TAEqx5N+bTktmN2sqIZEkYtM=",
      "requires": {
        "ast-types": "0.9.6",
        "esprima": "~3.1.0",
        "private": "~0.1.5",
        "source-map": "~0.5.0"
      }
    },
    "relateurl": {
      "version": "0.2.7",
      "resolved": "https://fourthwall.jfrog.io/fourthwall/api/npm/npm/relateurl/-/relateurl-0.2.7.tgz",
      "integrity": "sha1-VNvzd+UUQKypCkzSdGANP/LYiKk="
    },
    "source-map": {
      "version": "0.5.7",
      "resolved": "https://fourthwall.jfrog.io/fourthwall/api/npm/npm/source-map/-/source-map-0.5.7.tgz",
      "integrity": "sha1-igOdLRAh0i0eoUyA2OpGi6LvP8w="
    },
    "strftime": {
      "version": "0.9.2",
      "resolved": "https://fourthwall.jfrog.io/fourthwall/api/npm/npm/strftime/-/strftime-0.9.2.tgz",
      "integrity": "sha1-vMooYfKUVtNyqvaheBHIvG859YM="
    },
    "through": {
      "version": "2.3.8",
      "resolved": "https://fourthwall.jfrog.io/fourthwall/api/npm/npm/through/-/through-2.3.8.tgz",
      "integrity": "sha1-DdTJ/6q8NXlgsbckEV1+Doai4fU="
    },
    "uglify-js": {
      "version": "3.4.10",
      "resolved": "https://fourthwall.jfrog.io/fourthwall/api/npm/npm/uglify-js/-/uglify-js-3.4.10.tgz",
      "integrity": "sha1-mtlWPY6zrN+404WX0q8dgV9qdV8=",
      "requires": {
        "commander": "~2.19.0",
        "source-map": "~0.6.1"
      },
      "dependencies": {
        "commander": {
          "version": "2.19.0",
          "resolved": "https://fourthwall.jfrog.io/fourthwall/api/npm/npm/commander/-/commander-2.19.0.tgz",
          "integrity": "sha1-9hmKqE5bg8RgVLlN3tv+1e6f8So="
        },
        "source-map": {
          "version": "0.6.1",
          "resolved": "https://fourthwall.jfrog.io/fourthwall/api/npm/npm/source-map/-/source-map-0.6.1.tgz",
          "integrity": "sha1-dHIq8y6WFOnCh6jQu95IteLxomM="
        }
      }
    },
    "upper-case": {
      "version": "1.1.3",
      "resolved": "https://fourthwall.jfrog.io/fourthwall/api/npm/npm/upper-case/-/upper-case-1.1.3.tgz",
      "integrity": "sha1-9rRQHC7EzdJrp4vnIilh3ndiFZg="
    }
  }
}
